// !$*UTF8*$!
{
	archiveVersion = 1;
	classes = {
	};
	objectVersion = 50;
	objects = {

/* Begin PBXBuildFile section */
		AE13772D22393DF900C31500 /* AppDelegate.swift in Sources */ = {isa = PBXBuildFile; fileRef = AE13772C22393DF900C31500 /* AppDelegate.swift */; };
		AE13772F22393DF900C31500 /* Assets.xcassets in Resources */ = {isa = PBXBuildFile; fileRef = AE13772E22393DF900C31500 /* Assets.xcassets */; };
		AE13773222393DF900C31500 /* MainMenu.xib in Resources */ = {isa = PBXBuildFile; fileRef = AE13773022393DF900C31500 /* MainMenu.xib */; };
		AE13773E22393DF900C31500 /* xbrowserTests.swift in Sources */ = {isa = PBXBuildFile; fileRef = AE13773D22393DF900C31500 /* xbrowserTests.swift */; };
		AE13774922393DFA00C31500 /* xbrowserUITests.swift in Sources */ = {isa = PBXBuildFile; fileRef = AE13774822393DFA00C31500 /* xbrowserUITests.swift */; };
		AE4081FC2239715100D1C60B /* XbCore.swift in Sources */ = {isa = PBXBuildFile; fileRef = AE4081FB2239715100D1C60B /* XbCore.swift */; };
		AE4081FF22397BF000D1C60B /* XBrowser.js in Resources */ = {isa = PBXBuildFile; fileRef = AE4081FE22397BF000D1C60B /* XBrowser.js */; };
		AE408201223996DA00D1C60B /* XbHandledInfo.swift in Sources */ = {isa = PBXBuildFile; fileRef = AE408200223996DA00D1C60B /* XbHandledInfo.swift */; };
		AE40820322399A8C00D1C60B /* XbUtil.swift in Sources */ = {isa = PBXBuildFile; fileRef = AE40820222399A8C00D1C60B /* XbUtil.swift */; };
		AEA96B36223A950D00BA16F8 /* XbHandleOpt.swift in Sources */ = {isa = PBXBuildFile; fileRef = AEA96B35223A950D00BA16F8 /* XbHandleOpt.swift */; };
/* End PBXBuildFile section */

/* Begin PBXContainerItemProxy section */
		AE13773A22393DF900C31500 /* PBXContainerItemProxy */ = {
			isa = PBXContainerItemProxy;
			containerPortal = AE13772122393DF900C31500 /* Project object */;
			proxyType = 1;
			remoteGlobalIDString = AE13772822393DF900C31500;
			remoteInfo = xbrowser;
		};
		AE13774522393DFA00C31500 /* PBXContainerItemProxy */ = {
			isa = PBXContainerItemProxy;
			containerPortal = AE13772122393DF900C31500 /* Project object */;
			proxyType = 1;
			remoteGlobalIDString = AE13772822393DF900C31500;
			remoteInfo = xbrowser;
		};
/* End PBXContainerItemProxy section */

/* Begin PBXFileReference section */
		AE13772922393DF900C31500 /* xbrowser.app */ = {isa = PBXFileReference; explicitFileType = wrapper.application; includeInIndex = 0; path = xbrowser.app; sourceTree = BUILT_PRODUCTS_DIR; };
		AE13772C22393DF900C31500 /* AppDelegate.swift */ = {isa = PBXFileReference; lastKnownFileType = sourcecode.swift; path = AppDelegate.swift; sourceTree = "<group>"; };
		AE13772E22393DF900C31500 /* Assets.xcassets */ = {isa = PBXFileReference; lastKnownFileType = folder.assetcatalog; path = Assets.xcassets; sourceTree = "<group>"; };
		AE13773122393DF900C31500 /* Base */ = {isa = PBXFileReference; lastKnownFileType = file.xib; name = Base; path = Base.lproj/MainMenu.xib; sourceTree = "<group>"; };
		AE13773322393DF900C31500 /* Info.plist */ = {isa = PBXFileReference; lastKnownFileType = text.plist.xml; path = Info.plist; sourceTree = "<group>"; };
		AE13773422393DF900C31500 /* xbrowser.entitlements */ = {isa = PBXFileReference; lastKnownFileType = text.plist.entitlements; path = xbrowser.entitlements; sourceTree = "<group>"; };
		AE13773922393DF900C31500 /* xbrowserTests.xctest */ = {isa = PBXFileReference; explicitFileType = wrapper.cfbundle; includeInIndex = 0; path = xbrowserTests.xctest; sourceTree = BUILT_PRODUCTS_DIR; };
		AE13773D22393DF900C31500 /* xbrowserTests.swift */ = {isa = PBXFileReference; lastKnownFileType = sourcecode.swift; path = xbrowserTests.swift; sourceTree = "<group>"; };
		AE13773F22393DF900C31500 /* Info.plist */ = {isa = PBXFileReference; lastKnownFileType = text.plist.xml; path = Info.plist; sourceTree = "<group>"; };
		AE13774422393DFA00C31500 /* xbrowserUITests.xctest */ = {isa = PBXFileReference; explicitFileType = wrapper.cfbundle; includeInIndex = 0; path = xbrowserUITests.xctest; sourceTree = BUILT_PRODUCTS_DIR; };
		AE13774822393DFA00C31500 /* xbrowserUITests.swift */ = {isa = PBXFileReference; lastKnownFileType = sourcecode.swift; path = xbrowserUITests.swift; sourceTree = "<group>"; };
		AE13774A22393DFA00C31500 /* Info.plist */ = {isa = PBXFileReference; lastKnownFileType = text.plist.xml; path = Info.plist; sourceTree = "<group>"; };
		AE4081FB2239715100D1C60B /* XbCore.swift */ = {isa = PBXFileReference; lastKnownFileType = sourcecode.swift; path = XbCore.swift; sourceTree = "<group>"; };
		AE4081FE22397BF000D1C60B /* XBrowser.js */ = {isa = PBXFileReference; lastKnownFileType = sourcecode.javascript; path = XBrowser.js; sourceTree = "<group>"; };
		AE408200223996DA00D1C60B /* XbHandledInfo.swift */ = {isa = PBXFileReference; lastKnownFileType = sourcecode.swift; path = XbHandledInfo.swift; sourceTree = "<group>"; };
		AE40820222399A8C00D1C60B /* XbUtil.swift */ = {isa = PBXFileReference; lastKnownFileType = sourcecode.swift; path = XbUtil.swift; sourceTree = "<group>"; };
		AEA96B35223A950D00BA16F8 /* XbHandleOpt.swift */ = {isa = PBXFileReference; lastKnownFileType = sourcecode.swift; path = XbHandleOpt.swift; sourceTree = "<group>"; };
/* End PBXFileReference section */

/* Begin PBXFrameworksBuildPhase section */
		AE13772622393DF900C31500 /* Frameworks */ = {
			isa = PBXFrameworksBuildPhase;
			buildActionMask = 2147483647;
			files = (
			);
			runOnlyForDeploymentPostprocessing = 0;
		};
		AE13773622393DF900C31500 /* Frameworks */ = {
			isa = PBXFrameworksBuildPhase;
			buildActionMask = 2147483647;
			files = (
			);
			runOnlyForDeploymentPostprocessing = 0;
		};
		AE13774122393DFA00C31500 /* Frameworks */ = {
			isa = PBXFrameworksBuildPhase;
			buildActionMask = 2147483647;
			files = (
			);
			runOnlyForDeploymentPostprocessing = 0;
		};
/* End PBXFrameworksBuildPhase section */

/* Begin PBXGroup section */
		AE13772022393DF900C31500 = {
			isa = PBXGroup;
			children = (
				AE13772B22393DF900C31500 /* xbrowser */,
				AE13773C22393DF900C31500 /* xbrowserTests */,
				AE13774722393DFA00C31500 /* xbrowserUITests */,
				AE13772A22393DF900C31500 /* Products */,
			);
			sourceTree = "<group>";
		};
		AE13772A22393DF900C31500 /* Products */ = {
			isa = PBXGroup;
			children = (
				AE13772922393DF900C31500 /* xbrowser.app */,
				AE13773922393DF900C31500 /* xbrowserTests.xctest */,
				AE13774422393DFA00C31500 /* xbrowserUITests.xctest */,
			);
			name = Products;
			sourceTree = "<group>";
		};
		AE13772B22393DF900C31500 /* xbrowser */ = {
			isa = PBXGroup;
			children = (
				AE4081FD22397B7300D1C60B /* JsCore */,
				AE4081FA223970F000D1C60B /* Core */,
				AE13772C22393DF900C31500 /* AppDelegate.swift */,
				AE13772E22393DF900C31500 /* Assets.xcassets */,
				AE13773022393DF900C31500 /* MainMenu.xib */,
				AE13773322393DF900C31500 /* Info.plist */,
				AE13773422393DF900C31500 /* xbrowser.entitlements */,
			);
			path = xbrowser;
			sourceTree = "<group>";
		};
		AE13773C22393DF900C31500 /* xbrowserTests */ = {
			isa = PBXGroup;
			children = (
				AE13773D22393DF900C31500 /* xbrowserTests.swift */,
				AE13773F22393DF900C31500 /* Info.plist */,
			);
			path = xbrowserTests;
			sourceTree = "<group>";
		};
		AE13774722393DFA00C31500 /* xbrowserUITests */ = {
			isa = PBXGroup;
			children = (
				AE13774822393DFA00C31500 /* xbrowserUITests.swift */,
				AE13774A22393DFA00C31500 /* Info.plist */,
			);
			path = xbrowserUITests;
			sourceTree = "<group>";
		};
		AE4081FA223970F000D1C60B /* Core */ = {
			isa = PBXGroup;
			children = (
				AE4081FB2239715100D1C60B /* XbCore.swift */,
				AE408200223996DA00D1C60B /* XbHandledInfo.swift */,
				AE40820222399A8C00D1C60B /* XbUtil.swift */,
				AEA96B35223A950D00BA16F8 /* XbHandleOpt.swift */,
			);
			path = Core;
			sourceTree = "<group>";
		};
		AE4081FD22397B7300D1C60B /* JsCore */ = {
			isa = PBXGroup;
			children = (
				AE4081FE22397BF000D1C60B /* XBrowser.js */,
			);
			path = JsCore;
			sourceTree = "<group>";
		};
/* End PBXGroup section */

/* Begin PBXNativeTarget section */
		AE13772822393DF900C31500 /* xbrowser */ = {
			isa = PBXNativeTarget;
			buildConfigurationList = AE13774D22393DFA00C31500 /* Build configuration list for PBXNativeTarget "xbrowser" */;
			buildPhases = (
				AE13772522393DF900C31500 /* Sources */,
				AE13772622393DF900C31500 /* Frameworks */,
				AE13772722393DF900C31500 /* Resources */,
			);
			buildRules = (
			);
			dependencies = (
			);
			name = xbrowser;
			productName = xbrowser;
			productReference = AE13772922393DF900C31500 /* xbrowser.app */;
			productType = "com.apple.product-type.application";
		};
		AE13773822393DF900C31500 /* xbrowserTests */ = {
			isa = PBXNativeTarget;
			buildConfigurationList = AE13775022393DFA00C31500 /* Build configuration list for PBXNativeTarget "xbrowserTests" */;
			buildPhases = (
				AE13773522393DF900C31500 /* Sources */,
				AE13773622393DF900C31500 /* Frameworks */,
				AE13773722393DF900C31500 /* Resources */,
			);
			buildRules = (
			);
			dependencies = (
				AE13773B22393DF900C31500 /* PBXTargetDependency */,
			);
			name = xbrowserTests;
			productName = xbrowserTests;
			productReference = AE13773922393DF900C31500 /* xbrowserTests.xctest */;
			productType = "com.apple.product-type.bundle.unit-test";
		};
		AE13774322393DFA00C31500 /* xbrowserUITests */ = {
			isa = PBXNativeTarget;
			buildConfigurationList = AE13775322393DFA00C31500 /* Build configuration list for PBXNativeTarget "xbrowserUITests" */;
			buildPhases = (
				AE13774022393DFA00C31500 /* Sources */,
				AE13774122393DFA00C31500 /* Frameworks */,
				AE13774222393DFA00C31500 /* Resources */,
			);
			buildRules = (
			);
			dependencies = (
				AE13774622393DFA00C31500 /* PBXTargetDependency */,
			);
			name = xbrowserUITests;
			productName = xbrowserUITests;
			productReference = AE13774422393DFA00C31500 /* xbrowserUITests.xctest */;
			productType = "com.apple.product-type.bundle.ui-testing";
		};
/* End PBXNativeTarget section */

/* Begin PBXProject section */
		AE13772122393DF900C31500 /* Project object */ = {
			isa = PBXProject;
			attributes = {
				LastSwiftUpdateCheck = 1010;
				LastUpgradeCheck = 1010;
				ORGANIZATIONNAME = "Zhang Xiang";
				TargetAttributes = {
					AE13772822393DF900C31500 = {
						CreatedOnToolsVersion = 10.1;
						SystemCapabilities = {
							com.apple.Sandbox = {
								enabled = 0;
							};
						};
					};
					AE13773822393DF900C31500 = {
						CreatedOnToolsVersion = 10.1;
						TestTargetID = AE13772822393DF900C31500;
					};
					AE13774322393DFA00C31500 = {
						CreatedOnToolsVersion = 10.1;
						TestTargetID = AE13772822393DF900C31500;
					};
				};
			};
			buildConfigurationList = AE13772422393DF900C31500 /* Build configuration list for PBXProject "xbrowser" */;
			compatibilityVersion = "Xcode 9.3";
			developmentRegion = en;
			hasScannedForEncodings = 0;
			knownRegions = (
				en,
				Base,
			);
			mainGroup = AE13772022393DF900C31500;
			productRefGroup = AE13772A22393DF900C31500 /* Products */;
			projectDirPath = "";
			projectRoot = "";
			targets = (
				AE13772822393DF900C31500 /* xbrowser */,
				AE13773822393DF900C31500 /* xbrowserTests */,
				AE13774322393DFA00C31500 /* xbrowserUITests */,
			);
		};
/* End PBXProject section */

/* Begin PBXResourcesBuildPhase section */
		AE13772722393DF900C31500 /* Resources */ = {
			isa = PBXResourcesBuildPhase;
			buildActionMask = 2147483647;
			files = (
				AE4081FF22397BF000D1C60B /* XBrowser.js in Resources */,
				AE13772F22393DF900C31500 /* Assets.xcassets in Resources */,
				AE13773222393DF900C31500 /* MainMenu.xib in Resources */,
			);
			runOnlyForDeploymentPostprocessing = 0;
		};
		AE13773722393DF900C31500 /* Resources */ = {
			isa = PBXResourcesBuildPhase;
			buildActionMask = 2147483647;
			files = (
			);
			runOnlyForDeploymentPostprocessing = 0;
		};
		AE13774222393DFA00C31500 /* Resources */ = {
			isa = PBXResourcesBuildPhase;
			buildActionMask = 2147483647;
			files = (
			);
			runOnlyForDeploymentPostprocessing = 0;
		};
/* End PBXResourcesBuildPhase section */

/* Begin PBXSourcesBuildPhase section */
		AE13772522393DF900C31500 /* Sources */ = {
			isa = PBXSourcesBuildPhase;
			buildActionMask = 2147483647;
			files = (
				AE4081FC2239715100D1C60B /* XbCore.swift in Sources */,
				AEA96B36223A950D00BA16F8 /* XbHandleOpt.swift in Sources */,
				AE13772D22393DF900C31500 /* AppDelegate.swift in Sources */,
				AE408201223996DA00D1C60B /* XbHandledInfo.swift in Sources */,
				AE40820322399A8C00D1C60B /* XbUtil.swift in Sources */,
			);
			runOnlyForDeploymentPostprocessing = 0;
		};
		AE13773522393DF900C31500 /* Sources */ = {
			isa = PBXSourcesBuildPhase;
			buildActionMask = 2147483647;
			files = (
				AE13773E22393DF900C31500 /* xbrowserTests.swift in Sources */,
			);
			runOnlyForDeploymentPostprocessing = 0;
		};
		AE13774022393DFA00C31500 /* Sources */ = {
			isa = PBXSourcesBuildPhase;
			buildActionMask = 2147483647;
			files = (
				AE13774922393DFA00C31500 /* xbrowserUITests.swift in Sources */,
			);
			runOnlyForDeploymentPostprocessing = 0;
		};
/* End PBXSourcesBuildPhase section */

/* Begin PBXTargetDependency section */
		AE13773B22393DF900C31500 /* PBXTargetDependency */ = {
			isa = PBXTargetDependency;
			target = AE13772822393DF900C31500 /* xbrowser */;
			targetProxy = AE13773A22393DF900C31500 /* PBXContainerItemProxy */;
		};
		AE13774622393DFA00C31500 /* PBXTargetDependency */ = {
			isa = PBXTargetDependency;
			target = AE13772822393DF900C31500 /* xbrowser */;
			targetProxy = AE13774522393DFA00C31500 /* PBXContainerItemProxy */;
		};
/* End PBXTargetDependency section */

/* Begin PBXVariantGroup section */
		AE13773022393DF900C31500 /* MainMenu.xib */ = {
			isa = PBXVariantGroup;
			children = (
				AE13773122393DF900C31500 /* Base */,
			);
			name = MainMenu.xib;
			sourceTree = "<group>";
		};
/* End PBXVariantGroup section */

/* Begin XCBuildConfiguration section */
		AE13774B22393DFA00C31500 /* Debug */ = {
			isa = XCBuildConfiguration;
			buildSettings = {
				ALWAYS_SEARCH_USER_PATHS = NO;
				CLANG_ANALYZER_NONNULL = YES;
				CLANG_ANALYZER_NUMBER_OBJECT_CONVERSION = YES_AGGRESSIVE;
				CLANG_CXX_LANGUAGE_STANDARD = "gnu++14";
				CLANG_CXX_LIBRARY = "libc++";
				CLANG_ENABLE_MODULES = YES;
				CLANG_ENABLE_OBJC_ARC = YES;
				CLANG_ENABLE_OBJC_WEAK = YES;
				CLANG_WARN_BLOCK_CAPTURE_AUTORELEASING = YES;
				CLANG_WARN_BOOL_CONVERSION = YES;
				CLANG_WARN_COMMA = YES;
				CLANG_WARN_CONSTANT_CONVERSION = YES;
				CLANG_WARN_DEPRECATED_OBJC_IMPLEMENTATIONS = YES;
				CLANG_WARN_DIRECT_OBJC_ISA_USAGE = YES_ERROR;
				CLANG_WARN_DOCUMENTATION_COMMENTS = YES;
				CLANG_WARN_EMPTY_BODY = YES;
				CLANG_WARN_ENUM_CONVERSION = YES;
				CLANG_WARN_INFINITE_RECURSION = YES;
				CLANG_WARN_INT_CONVERSION = YES;
				CLANG_WARN_NON_LITERAL_NULL_CONVERSION = YES;
				CLANG_WARN_OBJC_IMPLICIT_RETAIN_SELF = YES;
				CLANG_WARN_OBJC_LITERAL_CONVERSION = YES;
				CLANG_WARN_OBJC_ROOT_CLASS = YES_ERROR;
				CLANG_WARN_RANGE_LOOP_ANALYSIS = YES;
				CLANG_WARN_STRICT_PROTOTYPES = YES;
				CLANG_WARN_SUSPICIOUS_MOVE = YES;
				CLANG_WARN_UNGUARDED_AVAILABILITY = YES_AGGRESSIVE;
				CLANG_WARN_UNREACHABLE_CODE = YES;
				CLANG_WARN__DUPLICATE_METHOD_MATCH = YES;
				CODE_SIGN_IDENTITY = "Mac Developer";
				COPY_PHASE_STRIP = NO;
				DEBUG_INFORMATION_FORMAT = dwarf;
				ENABLE_STRICT_OBJC_MSGSEND = YES;
				ENABLE_TESTABILITY = YES;
				GCC_C_LANGUAGE_STANDARD = gnu11;
				GCC_DYNAMIC_NO_PIC = NO;
				GCC_NO_COMMON_BLOCKS = YES;
				GCC_OPTIMIZATION_LEVEL = 0;
				GCC_PREPROCESSOR_DEFINITIONS = (
					"DEBUG=1",
					"$(inherited)",
				);
				GCC_WARN_64_TO_32_BIT_CONVERSION = YES;
				GCC_WARN_ABOUT_RETURN_TYPE = YES_ERROR;
				GCC_WARN_UNDECLARED_SELECTOR = YES;
				GCC_WARN_UNINITIALIZED_AUTOS = YES_AGGRESSIVE;
				GCC_WARN_UNUSED_FUNCTION = YES;
				GCC_WARN_UNUSED_VARIABLE = YES;
				MACOSX_DEPLOYMENT_TARGET = 10.14;
				MTL_ENABLE_DEBUG_INFO = INCLUDE_SOURCE;
				MTL_FAST_MATH = YES;
				ONLY_ACTIVE_ARCH = YES;
				SDKROOT = macosx;
				SWIFT_ACTIVE_COMPILATION_CONDITIONS = DEBUG;
				SWIFT_OPTIMIZATION_LEVEL = "-Onone";
			};
			name = Debug;
		};
		AE13774C22393DFA00C31500 /* Release */ = {
			isa = XCBuildConfiguration;
			buildSettings = {
				ALWAYS_SEARCH_USER_PATHS = NO;
				CLANG_ANALYZER_NONNULL = YES;
				CLANG_ANALYZER_NUMBER_OBJECT_CONVERSION = YES_AGGRESSIVE;
				CLANG_CXX_LANGUAGE_STANDARD = "gnu++14";
				CLANG_CXX_LIBRARY = "libc++";
				CLANG_ENABLE_MODULES = YES;
				CLANG_ENABLE_OBJC_ARC = YES;
				CLANG_ENABLE_OBJC_WEAK = YES;
				CLANG_WARN_BLOCK_CAPTURE_AUTORELEASING = YES;
				CLANG_WARN_BOOL_CONVERSION = YES;
				CLANG_WARN_COMMA = YES;
				CLANG_WARN_CONSTANT_CONVERSION = YES;
				CLANG_WARN_DEPRECATED_OBJC_IMPLEMENTATIONS = YES;
				CLANG_WARN_DIRECT_OBJC_ISA_USAGE = YES_ERROR;
				CLANG_WARN_DOCUMENTATION_COMMENTS = YES;
				CLANG_WARN_EMPTY_BODY = YES;
				CLANG_WARN_ENUM_CONVERSION = YES;
				CLANG_WARN_INFINITE_RECURSION = YES;
				CLANG_WARN_INT_CONVERSION = YES;
				CLANG_WARN_NON_LITERAL_NULL_CONVERSION = YES;
				CLANG_WARN_OBJC_IMPLICIT_RETAIN_SELF = YES;
				CLANG_WARN_OBJC_LITERAL_CONVERSION = YES;
				CLANG_WARN_OBJC_ROOT_CLASS = YES_ERROR;
				CLANG_WARN_RANGE_LOOP_ANALYSIS = YES;
				CLANG_WARN_STRICT_PROTOTYPES = YES;
				CLANG_WARN_SUSPICIOUS_MOVE = YES;
				CLANG_WARN_UNGUARDED_AVAILABILITY = YES_AGGRESSIVE;
				CLANG_WARN_UNREACHABLE_CODE = YES;
				CLANG_WARN__DUPLICATE_METHOD_MATCH = YES;
				CODE_SIGN_IDENTITY = "Mac Developer";
				COPY_PHASE_STRIP = NO;
				DEBUG_INFORMATION_FORMAT = "dwarf-with-dsym";
				ENABLE_NS_ASSERTIONS = NO;
				ENABLE_STRICT_OBJC_MSGSEND = YES;
				GCC_C_LANGUAGE_STANDARD = gnu11;
				GCC_NO_COMMON_BLOCKS = YES;
				GCC_WARN_64_TO_32_BIT_CONVERSION = YES;
				GCC_WARN_ABOUT_RETURN_TYPE = YES_ERROR;
				GCC_WARN_UNDECLARED_SELECTOR = YES;
				GCC_WARN_UNINITIALIZED_AUTOS = YES_AGGRESSIVE;
				GCC_WARN_UNUSED_FUNCTION = YES;
				GCC_WARN_UNUSED_VARIABLE = YES;
				MACOSX_DEPLOYMENT_TARGET = 10.14;
				MTL_ENABLE_DEBUG_INFO = NO;
				MTL_FAST_MATH = YES;
				SDKROOT = macosx;
				SWIFT_COMPILATION_MODE = wholemodule;
				SWIFT_OPTIMIZATION_LEVEL = "-O";
			};
			name = Release;
		};
		AE13774E22393DFA00C31500 /* Debug */ = {
			isa = XCBuildConfiguration;
			buildSettings = {
				ASSETCATALOG_COMPILER_APPICON_NAME = AppIcon;
				CODE_SIGN_STYLE = Automatic;
				COMBINE_HIDPI_IMAGES = YES;
				DEVELOPMENT_TEAM = DYWT34U2TZ;
				INFOPLIST_FILE = xbrowser/Info.plist;
				LD_RUNPATH_SEARCH_PATHS = (
					"$(inherited)",
					"@executable_path/../Frameworks",
				);
				PRODUCT_BUNDLE_IDENTIFIER = com.oio7.xbrowser;
				PRODUCT_NAME = "$(TARGET_NAME)";
				SWIFT_VERSION = 4.2;
			};
			name = Debug;
		};
		AE13774F22393DFA00C31500 /* Release */ = {
			isa = XCBuildConfiguration;
			buildSettings = {
				ASSETCATALOG_COMPILER_APPICON_NAME = AppIcon;
				CODE_SIGN_STYLE = Automatic;
				COMBINE_HIDPI_IMAGES = YES;
				DEVELOPMENT_TEAM = DYWT34U2TZ;
				INFOPLIST_FILE = xbrowser/Info.plist;
				LD_RUNPATH_SEARCH_PATHS = (
					"$(inherited)",
					"@executable_path/../Frameworks",
				);
				PRODUCT_BUNDLE_IDENTIFIER = com.oio7.xbrowser;
				PRODUCT_NAME = "$(TARGET_NAME)";
				SWIFT_VERSION = 4.2;
			};
			name = Release;
		};
		AE13775122393DFA00C31500 /* Debug */ = {
			isa = XCBuildConfiguration;
			buildSettings = {
				ALWAYS_EMBED_SWIFT_STANDARD_LIBRARIES = YES;
				BUNDLE_LOADER = "$(TEST_HOST)";
				CODE_SIGN_STYLE = Automatic;
				COMBINE_HIDPI_IMAGES = YES;
				DEVELOPMENT_TEAM = DYWT34U2TZ;
				INFOPLIST_FILE = xbrowserTests/Info.plist;
				LD_RUNPATH_SEARCH_PATHS = (
					"$(inherited)",
					"@executable_path/../Frameworks",
					"@loader_path/../Frameworks",
				);
				PRODUCT_BUNDLE_IDENTIFIER = com.oio7.xbrowserTests;
				PRODUCT_NAME = "$(TARGET_NAME)";
				SWIFT_VERSION = 4.2;
				TEST_HOST = "$(BUILT_PRODUCTS_DIR)/xbrowser.app/Contents/MacOS/xbrowser";
			};
			name = Debug;
		};
		AE13775222393DFA00C31500 /* Release */ = {
			isa = XCBuildConfiguration;
			buildSettings = {
				ALWAYS_EMBED_SWIFT_STANDARD_LIBRARIES = YES;
				BUNDLE_LOADER = "$(TEST_HOST)";
				CODE_SIGN_STYLE = Automatic;
				COMBINE_HIDPI_IMAGES = YES;
				DEVELOPMENT_TEAM = DYWT34U2TZ;
				INFOPLIST_FILE = xbrowserTests/Info.plist;
				LD_RUNPATH_SEARCH_PATHS = (
					"$(inherited)",
					"@executable_path/../Frameworks",
					"@loader_path/../Frameworks",
				);
				PRODUCT_BUNDLE_IDENTIFIER = com.oio7.xbrowserTests;
				PRODUCT_NAME = "$(TARGET_NAME)";
				SWIFT_VERSION = 4.2;
				TEST_HOST = "$(BUILT_PRODUCTS_DIR)/xbrowser.app/Contents/MacOS/xbrowser";
			};
			name = Release;
		};
		AE13775422393DFA00C31500 /* Debug */ = {
			isa = XCBuildConfiguration;
			buildSettings = {
				ALWAYS_EMBED_SWIFT_STANDARD_LIBRARIES = YES;
				CODE_SIGN_STYLE = Automatic;
				COMBINE_HIDPI_IMAGES = YES;
				DEVELOPMENT_TEAM = DYWT34U2TZ;
				INFOPLIST_FILE = xbrowserUITests/Info.plist;
				LD_RUNPATH_SEARCH_PATHS = (
					"$(inherited)",
					"@executable_path/../Frameworks",
					"@loader_path/../Frameworks",
				);
				PRODUCT_BUNDLE_IDENTIFIER = com.oio7.xbrowserUITests;
				PRODUCT_NAME = "$(TARGET_NAME)";
				SWIFT_VERSION = 4.2;
				TEST_TARGET_NAME = xbrowser;
			};
			name = Debug;
		};
		AE13775522393DFA00C31500 /* Release */ = {
			isa = XCBuildConfiguration;
			buildSettings = {
				ALWAYS_EMBED_SWIFT_STANDARD_LIBRARIES = YES;
				CODE_SIGN_STYLE = Automatic;
				COMBINE_HIDPI_IMAGES = YES;
				DEVELOPMENT_TEAM = DYWT34U2TZ;
				INFOPLIST_FILE = xbrowserUITests/Info.plist;
				LD_RUNPATH_SEARCH_PATHS = (
					"$(inherited)",
					"@executable_path/../Frameworks",
					"@loader_path/../Frameworks",
				);
				PRODUCT_BUNDLE_IDENTIFIER = com.oio7.xbrowserUITests;
				PRODUCT_NAME = "$(TARGET_NAME)";
				SWIFT_VERSION = 4.2;
				TEST_TARGET_NAME = xbrowser;
			};
			name = Release;
		};
/* End XCBuildConfiguration section */

/* Begin XCConfigurationList section */
		AE13772422393DF900C31500 /* Build configuration list for PBXProject "xbrowser" */ = {
			isa = XCConfigurationList;
			buildConfigurations = (
				AE13774B22393DFA00C31500 /* Debug */,
				AE13774C22393DFA00C31500 /* Release */,
			);
			defaultConfigurationIsVisible = 0;
			defaultConfigurationName = Release;
		};
		AE13774D22393DFA00C31500 /* Build configuration list for PBXNativeTarget "xbrowser" */ = {
			isa = XCConfigurationList;
			buildConfigurations = (
				AE13774E22393DFA00C31500 /* Debug */,
				AE13774F22393DFA00C31500 /* Release */,
			);
			defaultConfigurationIsVisible = 0;
			defaultConfigurationName = Release;
		};
		AE13775022393DFA00C31500 /* Build configuration list for PBXNativeTarget "xbrowserTests" */ = {
			isa = XCConfigurationList;
			buildConfigurations = (
				AE13775122393DFA00C31500 /* Debug */,
				AE13775222393DFA00C31500 /* Release */,
			);
			defaultConfigurationIsVisible = 0;
			defaultConfigurationName = Release;
		};
		AE13775322393DFA00C31500 /* Build configuration list for PBXNativeTarget "xbrowserUITests" */ = {
			isa = XCConfigurationList;
			buildConfigurations = (
				AE13775422393DFA00C31500 /* Debug */,
				AE13775522393DFA00C31500 /* Release */,
			);
			defaultConfigurationIsVisible = 0;
			defaultConfigurationName = Release;
		};
/* End XCConfigurationList section */
	};
	rootObject = AE13772122393DF900C31500 /* Project object */;
}
